
Microsoft Visual Studio Solution File, Format Version 12.00
# Visual Studio Version 16
VisualStudioVersion = 16.0.32228.343
MinimumVisualStudioVersion = 10.0.40219.1
Project("{FAE04EC0-301F-11D3-BF4B-00C04F79EFBC}") = "wftwit2710", "wftwit2710\wftwit2710.csproj", "{60FB0038-9CCD-4DB1-970C-F44F067BB8CE}"
EndProject
Global
	GlobalSection(SolutionConfigurationPlatforms) = preSolution
		Debug|Any CPU = Debug|Any CPU
		Release|Any CPU = Release|Any CPU
	EndGlobalSection
	GlobalSection(ProjectConfigurationPlatforms) = postSolution
		{60FB0038-9CCD-4DB1-970C-F44F067BB8CE}.Debug|Any CPU.ActiveCfg = Debug|Any CPU
		{60FB0038-9CCD-4DB1-970C-F44F067BB8CE}.Debug|Any CPU.Build.0 = Debug|Any CPU
		{60FB0038-9CCD-4DB1-970C-F44F067BB8CE}.Release|Any CPU.ActiveCfg = Release|Any CPU
		{60FB0038-9CCD-4DB1-970C-F44F067BB8CE}.Release|Any CPU.Build.0 = Release|Any CPU
	EndGlobalSection
	GlobalSection(SolutionProperties) = preSolution
		HideSolutionNode = FALSE
	EndGlobalSection
	GlobalSection(ExtensibilityGlobals) = postSolution
		SolutionGuid = {C7AA4DA7-491F-4195-9A7E-E529AFC0009C}
	EndGlobalSection
EndGlobal
